<?xml version="1.0" encoding="UTF-8"?>
<Project ToolsVersion="14.0" xmlns="http://schemas.microsoft.com/developer/msbuild/2003">
  <ItemGroup>
    <CustomBuild Include="C:\Users\Mathias\Projects\CompetenceProject\CMakeFiles\3c554e338ad9fdb388ea92e389022fb5\generate.stamp.rule">
      <Filter>CMake Rules</Filter>
    </CustomBuild>
  </ItemGroup>
  <ItemGroup>
    <Filter Include="CMake Rules">
      <UniqueIdentifier>{49BF83CE-44CB-320B-9963-2F0C0E759940}</UniqueIdentifier>
    </Filter>
  </ItemGroup>
</Project>
